
Microsoft Visual Studio Solution File, Format Version 12.00
# Visual Studio Version 16
VisualStudioVersion = 16.0.30611.23
MinimumVisualStudioVersion = 10.0.40219.1
Project("{8BC9CEB8-8B4A-11D0-8D11-00A0C91BC942}") = "Patients System", "Patients System.vcxproj", "{9A558403-5BFC-44B5-AB3C-251F4B0CDB7D}"
EndProject
Global
	GlobalSection(SolutionConfigurationPlatforms) = preSolution
		Debug|x64 = Debug|x64
		Debug|x86 = Debug|x86
		Release|x64 = Release|x64
		Release|x86 = Release|x86
	EndGlobalSection
	GlobalSection(ProjectConfigurationPlatforms) = postSolution
		{9A558403-5BFC-44B5-AB3C-251F4B0CDB7D}.Debug|x64.ActiveCfg = Debug|x64
		{9A558403-5BFC-44B5-AB3C-251F4B0CDB7D}.Debug|x64.Build.0 = Debug|x64
		{9A558403-5BFC-44B5-AB3C-251F4B0CDB7D}.Debug|x86.ActiveCfg = Debug|Win32
		{9A558403-5BFC-44B5-AB3C-251F4B0CDB7D}.Debug|x86.Build.0 = Debug|Win32
		{9A558403-5BFC-44B5-AB3C-251F4B0CDB7D}.Release|x64.ActiveCfg = Release|x64
		{9A558403-5BFC-44B5-AB3C-251F4B0CDB7D}.Release|x64.Build.0 = Release|x64
		{9A558403-5BFC-44B5-AB3C-251F4B0CDB7D}.Release|x86.ActiveCfg = Release|Win32
		{9A558403-5BFC-44B5-AB3C-251F4B0CDB7D}.Release|x86.Build.0 = Release|Win32
	EndGlobalSection
	GlobalSection(SolutionProperties) = preSolution
		HideSolutionNode = FALSE
	EndGlobalSection
	GlobalSection(ExtensibilityGlobals) = postSolution
		SolutionGuid = {4C22506F-FAD5-4BFE-BCC5-3FF20FB5C504}
	EndGlobalSection
EndGlobal
